
Microsoft Visual Studio Solution File, Format Version 12.00
# Visual Studio 2015
Project("{FAE04EC0-301F-11D3-BF4B-00C04F79EFBC}") = "Park Game.CSharp", "Park Game.CSharp.csproj", "{39DD786D-4B5E-755C-5B5B-4FA0945DE5DE}"
EndProject
Project("{FAE04EC0-301F-11D3-BF4B-00C04F79EFBC}") = "Park Game.CSharp.Editor", "Park Game.CSharp.Editor.csproj", "{938CA288-8BBE-CE8D-487D-5E655D7248A7}"
EndProject
Global
	GlobalSection(SolutionConfigurationPlatforms) = preSolution
		Debug|Any CPU = Debug|Any CPU
		Release|Any CPU = Release|Any CPU
	EndGlobalSection
	GlobalSection(ProjectConfigurationPlatforms) = postSolution
		{39DD786D-4B5E-755C-5B5B-4FA0945DE5DE}.Debug|Any CPU.ActiveCfg = Debug|Any CPU
		{39DD786D-4B5E-755C-5B5B-4FA0945DE5DE}.Debug|Any CPU.Build.0 = Debug|Any CPU
		{39DD786D-4B5E-755C-5B5B-4FA0945DE5DE}.Release|Any CPU.ActiveCfg = Release|Any CPU
		{39DD786D-4B5E-755C-5B5B-4FA0945DE5DE}.Release|Any CPU.Build.0 = Release|Any CPU
		{938CA288-8BBE-CE8D-487D-5E655D7248A7}.Debug|Any CPU.ActiveCfg = Debug|Any CPU
		{938CA288-8BBE-CE8D-487D-5E655D7248A7}.Debug|Any CPU.Build.0 = Debug|Any CPU
		{938CA288-8BBE-CE8D-487D-5E655D7248A7}.Release|Any CPU.ActiveCfg = Release|Any CPU
		{938CA288-8BBE-CE8D-487D-5E655D7248A7}.Release|Any CPU.Build.0 = Release|Any CPU
	EndGlobalSection
	GlobalSection(SolutionProperties) = preSolution
		HideSolutionNode = FALSE
	EndGlobalSection
EndGlobal
